
Microsoft Visual Studio Solution File, Format Version 12.00
# Visual Studio Version 17
VisualStudioVersion = 17.5.002.0
MinimumVisualStudioVersion = 10.0.40219.1
Project("{9A19103F-16F7-4668-BE54-9A1E7A4F7556}") = "TimeToBuy", "TimeToBuy.csproj", "{A00BCA95-DAC4-47CA-9FCA-9271154DBE34}"
EndProject
Global
	GlobalSection(SolutionConfigurationPlatforms) = preSolution
		Debug|Any CPU = Debug|Any CPU
		Release|Any CPU = Release|Any CPU
	EndGlobalSection
	GlobalSection(ProjectConfigurationPlatforms) = postSolution
		{A00BCA95-DAC4-47CA-9FCA-9271154DBE34}.Debug|Any CPU.ActiveCfg = Debug|Any CPU
		{A00BCA95-DAC4-47CA-9FCA-9271154DBE34}.Debug|Any CPU.Build.0 = Debug|Any CPU
		{A00BCA95-DAC4-47CA-9FCA-9271154DBE34}.Release|Any CPU.ActiveCfg = Release|Any CPU
		{A00BCA95-DAC4-47CA-9FCA-9271154DBE34}.Release|Any CPU.Build.0 = Release|Any CPU
	EndGlobalSection
	GlobalSection(SolutionProperties) = preSolution
		HideSolutionNode = FALSE
	EndGlobalSection
	GlobalSection(ExtensibilityGlobals) = postSolution
		SolutionGuid = {76373467-974E-4C6A-8196-0AF0C45F4264}
	EndGlobalSection
EndGlobal
